{
  "meteor": {},
  "dependencies": {
    "basePackages": {
      "npm": {},
      "smart-collections": {}
    },
    "packages": {
      "npm": {
        "git": "https://github.com/arunoda/meteor-npm.git",
        "tag": "v0.2.6",
        "commit": "177ab6118de5bf8cffb19481343d5762ff7a2aaf"
      },
      "smart-collections": {
        "git": "https://github.com/arunoda/meteor-smart-collections.git",
        "tag": "v0.3.23",
        "commit": "bb31d4679c8a630db856f6a569a3f3232b3cd301"
      }
    }
  }
}
